
Microsoft Visual Studio Solution File, Format Version 12.00
# Visual Studio Version 17
VisualStudioVersion = 17.5.33516.290
MinimumVisualStudioVersion = 10.0.40219.1
Project("{FAE04EC0-301F-11D3-BF4B-00C04F79EFBC}") = "ConsoleApp6", "ConsoleApp6\ConsoleApp6.csproj", "{928425ED-FE2B-4801-BB3E-7C2ED21DE64E}"
EndProject
Global
	GlobalSection(SolutionConfigurationPlatforms) = preSolution
		Debug|Any CPU = Debug|Any CPU
		Release|Any CPU = Release|Any CPU
	EndGlobalSection
	GlobalSection(ProjectConfigurationPlatforms) = postSolution
		{928425ED-FE2B-4801-BB3E-7C2ED21DE64E}.Debug|Any CPU.ActiveCfg = Debug|Any CPU
		{928425ED-FE2B-4801-BB3E-7C2ED21DE64E}.Debug|Any CPU.Build.0 = Debug|Any CPU
		{928425ED-FE2B-4801-BB3E-7C2ED21DE64E}.Release|Any CPU.ActiveCfg = Release|Any CPU
		{928425ED-FE2B-4801-BB3E-7C2ED21DE64E}.Release|Any CPU.Build.0 = Release|Any CPU
	EndGlobalSection
	GlobalSection(SolutionProperties) = preSolution
		HideSolutionNode = FALSE
	EndGlobalSection
	GlobalSection(ExtensibilityGlobals) = postSolution
		SolutionGuid = {7A5CF108-5114-4FEB-8EF4-577E6D730278}
	EndGlobalSection
EndGlobal
